# This file is autogenerated, do not edit; changes may be undone by the next 'dep ensure'.


[[projects]]
  digest = "1:4caab6f14c6b9654ccb7d398791d1f71a2d4e693ea508d29659a173e1b2e644a"
  name = "github.com/gogo/protobuf"
  packages = ["proto"]
  pruneopts = "UT"
  revision = "5628607bb4c51c3157aacc3a50f0ab707582b805"
  version = "v1.3.1"

[[projects]]
  digest = "1:faec2df52f449fcabae525818c0102f680ed6dfa0396cbdde2e6bd1e07c66f10"
  name = "github.com/instana/go-sensor"
  packages = [
    ".",
    "autoprofile",
    "autoprofile/internal",
    "autoprofile/internal/logger",
    "autoprofile/internal/pprof/profile",
    "logger",
    "w3ctrace",
  ]
  pruneopts = "UT"
  revision = "8537bb65492e388ed896fc7684146c1cc4f06dd8"
  version = "v1.13.1"

[[projects]]
  digest = "1:17e2b99f622792fcc12942bfc0f9089d1532f6dfc40878b44ae145b458fbab30"
  name = "github.com/looplab/fsm"
  packages = ["."]
  pruneopts = "UT"
  revision = "84b5307469f859464403f80919467950a79de1b1"
  version = "v0.1.0"

[[projects]]
  digest = "1:34ab37e5a2851130c4e7a84b637f540e0a0763501abe00cda8b979254931f990"
  name = "github.com/opentracing/basictracer-go"
  packages = [
    ".",
    "wire",
  ]
  pruneopts = "UT"
  revision = "8e39e894ba59569ffb0b13167ebbe64b0b142e94"
  version = "v1.1.0"

[[projects]]
  digest = "1:11e62d6050198055e6cd87ed57e5d8c669e84f839c16e16f192374d913d1a70d"
  name = "github.com/opentracing/opentracing-go"
  packages = [
    ".",
    "ext",
    "log",
  ]
  pruneopts = "UT"
  revision = "659c90643e714681897ec2521c60567dd21da733"
  version = "v1.1.0"

[[projects]]
  digest = "1:5ca236e4ecfeb92a57b7a4c7f139023384e7f726640f61b17820473cc82dfb77"
  name = "github.com/streadway/amqp"
  packages = ["."]
  pruneopts = "UT"
  revision = "1c71cc93ed716f9a6f4c2ae8955c25f9176d9f19"
  version = "v1.0.0"

[solve-meta]
  analyzer-name = "dep"
  analyzer-version = 1
  input-imports = [
    "github.com/instana/go-sensor",
    "github.com/opentracing/opentracing-go",
    "github.com/opentracing/opentracing-go/ext",
    "github.com/opentracing/opentracing-go/log",
    "github.com/streadway/amqp",
  ]
  solver-name = "gps-cdcl"
  solver-version = 1
